// !$*UTF8*$!
{
	archiveVersion = 1;
	classes = {
	};
	objectVersion = 77;
	objects = {

/* Begin PBXContainerItemProxy section */
		AEE6ED302DADB2FB00A9EBF5 /* PBXContainerItemProxy */ = {
			isa = PBXContainerItemProxy;
			containerPortal = AEE6ED172DADB2F900A9EBF5 /* Project object */;
			proxyType = 1;
			remoteGlobalIDString = AEE6ED1E2DADB2F900A9EBF5;
			remoteInfo = TheyMissYou;
		};
		AEE6ED3A2DADB2FB00A9EBF5 /* PBXContainerItemProxy */ = {
			isa = PBXContainerItemProxy;
			containerPortal = AEE6ED172DADB2F900A9EBF5 /* Project object */;
			proxyType = 1;
			remoteGlobalIDString = AEE6ED1E2DADB2F900A9EBF5;
			remoteInfo = TheyMissYou;
		};
/* End PBXContainerItemProxy section */

/* Begin PBXFileReference section */
		AEE6ED1F2DADB2F900A9EBF5 /* TheyMissYou.app */ = {isa = PBXFileReference; explicitFileType = wrapper.application; includeInIndex = 0; path = TheyMissYou.app; sourceTree = BUILT_PRODUCTS_DIR; };
		AEE6ED2F2DADB2FB00A9EBF5 /* TheyMissYouTests.xctest */ = {isa = PBXFileReference; explicitFileType = wrapper.cfbundle; includeInIndex = 0; path = TheyMissYouTests.xctest; sourceTree = BUILT_PRODUCTS_DIR; };
		AEE6ED392DADB2FB00A9EBF5 /* TheyMissYouUITests.xctest */ = {isa = PBXFileReference; explicitFileType = wrapper.cfbundle; includeInIndex = 0; path = TheyMissYouUITests.xctest; sourceTree = BUILT_PRODUCTS_DIR; };
/* End PBXFileReference section */

/* Begin PBXFileSystemSynchronizedRootGroup section */
		AEE6ED212DADB2F900A9EBF5 /* TheyMissYou */ = {
			isa = PBXFileSystemSynchronizedRootGroup;
			path = TheyMissYou;
			sourceTree = "<group>";
		};
		AEE6ED322DADB2FB00A9EBF5 /* TheyMissYouTests */ = {
			isa = PBXFileSystemSynchronizedRootGroup;
			path = TheyMissYouTests;
			sourceTree = "<group>";
		};
		AEE6ED3C2DADB2FB00A9EBF5 /* TheyMissYouUITests */ = {
			isa = PBXFileSystemSynchronizedRootGroup;
			path = TheyMissYouUITests;
			sourceTree = "<group>";
		};
/* End PBXFileSystemSynchronizedRootGroup section */

/* Begin PBXFrameworksBuildPhase section */
		AEE6ED1C2DADB2F900A9EBF5 /* Frameworks */ = {
			isa = PBXFrameworksBuildPhase;
			buildActionMask = 2147483647;
			files = (
			);
			runOnlyForDeploymentPostprocessing = 0;
		};
		AEE6ED2C2DADB2FB00A9EBF5 /* Frameworks */ = {
			isa = PBXFrameworksBuildPhase;
			buildActionMask = 2147483647;
			files = (
			);
			runOnlyForDeploymentPostprocessing = 0;
		};
		AEE6ED362DADB2FB00A9EBF5 /* Frameworks */ = {
			isa = PBXFrameworksBuildPhase;
			buildActionMask = 2147483647;
			files = (
			);
			runOnlyForDeploymentPostprocessing = 0;
		};
/* End PBXFrameworksBuildPhase section */

/* Begin PBXGroup section */
		AEE6ED162DADB2F900A9EBF5 = {
			isa = PBXGroup;
			children = (
				AEE6ED212DADB2F900A9EBF5 /* TheyMissYou */,
				AEE6ED322DADB2FB00A9EBF5 /* TheyMissYouTests */,
				AEE6ED3C2DADB2FB00A9EBF5 /* TheyMissYouUITests */,
				AEE6ED202DADB2F900A9EBF5 /* Products */,
			);
			sourceTree = "<group>";
		};
		AEE6ED202DADB2F900A9EBF5 /* Products */ = {
			isa = PBXGroup;
			children = (
				AEE6ED1F2DADB2F900A9EBF5 /* TheyMissYou.app */,
				AEE6ED2F2DADB2FB00A9EBF5 /* TheyMissYouTests.xctest */,
				AEE6ED392DADB2FB00A9EBF5 /* TheyMissYouUITests.xctest */,
			);
			name = Products;
			sourceTree = "<group>";
		};
/* End PBXGroup section */

/* Begin PBXNativeTarget section */
		AEE6ED1E2DADB2F900A9EBF5 /* TheyMissYou */ = {
			isa = PBXNativeTarget;
			buildConfigurationList = AEE6ED432DADB2FB00A9EBF5 /* Build configuration list for PBXNativeTarget "TheyMissYou" */;
			buildPhases = (
				AEE6ED1B2DADB2F900A9EBF5 /* Sources */,
				AEE6ED1C2DADB2F900A9EBF5 /* Frameworks */,
				AEE6ED1D2DADB2F900A9EBF5 /* Resources */,
			);
			buildRules = (
			);
			dependencies = (
			);
			fileSystemSynchronizedGroups = (
				AEE6ED212DADB2F900A9EBF5 /* TheyMissYou */,
			);
			name = TheyMissYou;
			packageProductDependencies = (
			);
			productName = TheyMissYou;
			productReference = AEE6ED1F2DADB2F900A9EBF5 /* TheyMissYou.app */;
			productType = "com.apple.product-type.application";
		};
		AEE6ED2E2DADB2FB00A9EBF5 /* TheyMissYouTests */ = {
			isa = PBXNativeTarget;
			buildConfigurationList = AEE6ED462DADB2FB00A9EBF5 /* Build configuration list for PBXNativeTarget "TheyMissYouTests" */;
			buildPhases = (
				AEE6ED2B2DADB2FB00A9EBF5 /* Sources */,
				AEE6ED2C2DADB2FB00A9EBF5 /* Frameworks */,
				AEE6ED2D2DADB2FB00A9EBF5 /* Resources */,
			);
			buildRules = (
			);
			dependencies = (
				AEE6ED312DADB2FB00A9EBF5 /* PBXTargetDependency */,
			);
			fileSystemSynchronizedGroups = (
				AEE6ED322DADB2FB00A9EBF5 /* TheyMissYouTests */,
			);
			name = TheyMissYouTests;
			packageProductDependencies = (
			);
			productName = TheyMissYouTests;
			productReference = AEE6ED2F2DADB2FB00A9EBF5 /* TheyMissYouTests.xctest */;
			productType = "com.apple.product-type.bundle.unit-test";
		};
		AEE6ED382DADB2FB00A9EBF5 /* TheyMissYouUITests */ = {
			isa = PBXNativeTarget;
			buildConfigurationList = AEE6ED492DADB2FB00A9EBF5 /* Build configuration list for PBXNativeTarget "TheyMissYouUITests" */;
			buildPhases = (
				AEE6ED352DADB2FB00A9EBF5 /* Sources */,
				AEE6ED362DADB2FB00A9EBF5 /* Frameworks */,
				AEE6ED372DADB2FB00A9EBF5 /* Resources */,
			);
			buildRules = (
			);
			dependencies = (
				AEE6ED3B2DADB2FB00A9EBF5 /* PBXTargetDependency */,
			);
			fileSystemSynchronizedGroups = (
				AEE6ED3C2DADB2FB00A9EBF5 /* TheyMissYouUITests */,
			);
			name = TheyMissYouUITests;
			packageProductDependencies = (
			);
			productName = TheyMissYouUITests;
			productReference = AEE6ED392DADB2FB00A9EBF5 /* TheyMissYouUITests.xctest */;
			productType = "com.apple.product-type.bundle.ui-testing";
		};
/* End PBXNativeTarget section */

/* Begin PBXProject section */
		AEE6ED172DADB2F900A9EBF5 /* Project object */ = {
			isa = PBXProject;
			attributes = {
				BuildIndependentTargetsInParallel = 1;
				LastSwiftUpdateCheck = 1620;
				LastUpgradeCheck = 1620;
				TargetAttributes = {
					AEE6ED1E2DADB2F900A9EBF5 = {
						CreatedOnToolsVersion = 16.2;
					};
					AEE6ED2E2DADB2FB00A9EBF5 = {
						CreatedOnToolsVersion = 16.2;
						TestTargetID = AEE6ED1E2DADB2F900A9EBF5;
					};
					AEE6ED382DADB2FB00A9EBF5 = {
						CreatedOnToolsVersion = 16.2;
						TestTargetID = AEE6ED1E2DADB2F900A9EBF5;
					};
				};
			};
			buildConfigurationList = AEE6ED1A2DADB2F900A9EBF5 /* Build configuration list for PBXProject "TheyMissYou" */;
			developmentRegion = en;
			hasScannedForEncodings = 0;
			knownRegions = (
				en,
				Base,
			);
			mainGroup = AEE6ED162DADB2F900A9EBF5;
			minimizedProjectReferenceProxies = 1;
			preferredProjectObjectVersion = 77;
			productRefGroup = AEE6ED202DADB2F900A9EBF5 /* Products */;
			projectDirPath = "";
			projectRoot = "";
			targets = (
				AEE6ED1E2DADB2F900A9EBF5 /* TheyMissYou */,
				AEE6ED2E2DADB2FB00A9EBF5 /* TheyMissYouTests */,
				AEE6ED382DADB2FB00A9EBF5 /* TheyMissYouUITests */,
			);
		};
/* End PBXProject section */

/* Begin PBXResourcesBuildPhase section */
		AEE6ED1D2DADB2F900A9EBF5 /* Resources */ = {
			isa = PBXResourcesBuildPhase;
			buildActionMask = 2147483647;
			files = (
			);
			runOnlyForDeploymentPostprocessing = 0;
		};
		AEE6ED2D2DADB2FB00A9EBF5 /* Resources */ = {
			isa = PBXResourcesBuildPhase;
			buildActionMask = 2147483647;
			files = (
			);
			runOnlyForDeploymentPostprocessing = 0;
		};
		AEE6ED372DADB2FB00A9EBF5 /* Resources */ = {
			isa = PBXResourcesBuildPhase;
			buildActionMask = 2147483647;
			files = (
			);
			runOnlyForDeploymentPostprocessing = 0;
		};
/* End PBXResourcesBuildPhase section */

/* Begin PBXSourcesBuildPhase section */
		AEE6ED1B2DADB2F900A9EBF5 /* Sources */ = {
			isa = PBXSourcesBuildPhase;
			buildActionMask = 2147483647;
			files = (
			);
			runOnlyForDeploymentPostprocessing = 0;
		};
		AEE6ED2B2DADB2FB00A9EBF5 /* Sources */ = {
			isa = PBXSourcesBuildPhase;
			buildActionMask = 2147483647;
			files = (
			);
			runOnlyForDeploymentPostprocessing = 0;
		};
		AEE6ED352DADB2FB00A9EBF5 /* Sources */ = {
			isa = PBXSourcesBuildPhase;
			buildActionMask = 2147483647;
			files = (
			);
			runOnlyForDeploymentPostprocessing = 0;
		};
/* End PBXSourcesBuildPhase section */

/* Begin PBXTargetDependency section */
		AEE6ED312DADB2FB00A9EBF5 /* PBXTargetDependency */ = {
			isa = PBXTargetDependency;
			target = AEE6ED1E2DADB2F900A9EBF5 /* TheyMissYou */;
			targetProxy = AEE6ED302DADB2FB00A9EBF5 /* PBXContainerItemProxy */;
		};
		AEE6ED3B2DADB2FB00A9EBF5 /* PBXTargetDependency */ = {
			isa = PBXTargetDependency;
			target = AEE6ED1E2DADB2F900A9EBF5 /* TheyMissYou */;
			targetProxy = AEE6ED3A2DADB2FB00A9EBF5 /* PBXContainerItemProxy */;
		};
/* End PBXTargetDependency section */

/* Begin XCBuildConfiguration section */
		AEE6ED412DADB2FB00A9EBF5 /* Debug */ = {
			isa = XCBuildConfiguration;
			buildSettings = {
				ALWAYS_SEARCH_USER_PATHS = NO;
				ASSETCATALOG_COMPILER_GENERATE_SWIFT_ASSET_SYMBOL_EXTENSIONS = YES;
				CLANG_ANALYZER_NONNULL = YES;
				CLANG_ANALYZER_NUMBER_OBJECT_CONVERSION = YES_AGGRESSIVE;
				CLANG_CXX_LANGUAGE_STANDARD = "gnu++20";
				CLANG_ENABLE_MODULES = YES;
				CLANG_ENABLE_OBJC_ARC = YES;
				CLANG_ENABLE_OBJC_WEAK = YES;
				CLANG_WARN_BLOCK_CAPTURE_AUTORELEASING = YES;
				CLANG_WARN_BOOL_CONVERSION = YES;
				CLANG_WARN_COMMA = YES;
				CLANG_WARN_CONSTANT_CONVERSION = YES;
				CLANG_WARN_DEPRECATED_OBJC_IMPLEMENTATIONS = YES;
				CLANG_WARN_DIRECT_OBJC_ISA_USAGE = YES_ERROR;
				CLANG_WARN_DOCUMENTATION_COMMENTS = YES;
				CLANG_WARN_EMPTY_BODY = YES;
				CLANG_WARN_ENUM_CONVERSION = YES;
				CLANG_WARN_INFINITE_RECURSION = YES;
				CLANG_WARN_INT_CONVERSION = YES;
				CLANG_WARN_NON_LITERAL_NULL_CONVERSION = YES;
				CLANG_WARN_OBJC_IMPLICIT_RETAIN_SELF = YES;
				CLANG_WARN_OBJC_LITERAL_CONVERSION = YES;
				CLANG_WARN_OBJC_ROOT_CLASS = YES_ERROR;
				CLANG_WARN_QUOTED_INCLUDE_IN_FRAMEWORK_HEADER = YES;
				CLANG_WARN_RANGE_LOOP_ANALYSIS = YES;
				CLANG_WARN_STRICT_PROTOTYPES = YES;
				CLANG_WARN_SUSPICIOUS_MOVE = YES;
				CLANG_WARN_UNGUARDED_AVAILABILITY = YES_AGGRESSIVE;
				CLANG_WARN_UNREACHABLE_CODE = YES;
				CLANG_WARN__DUPLICATE_METHOD_MATCH = YES;
				COPY_PHASE_STRIP = NO;
				DEBUG_INFORMATION_FORMAT = dwarf;
				ENABLE_STRICT_OBJC_MSGSEND = YES;
				ENABLE_TESTABILITY = YES;
				ENABLE_USER_SCRIPT_SANDBOXING = YES;
				GCC_C_LANGUAGE_STANDARD = gnu17;
				GCC_DYNAMIC_NO_PIC = NO;
				GCC_NO_COMMON_BLOCKS = YES;
				GCC_OPTIMIZATION_LEVEL = 0;
				GCC_PREPROCESSOR_DEFINITIONS = (
					"DEBUG=1",
					"$(inherited)",
				);
				GCC_WARN_64_TO_32_BIT_CONVERSION = YES;
				GCC_WARN_ABOUT_RETURN_TYPE = YES_ERROR;
				GCC_WARN_UNDECLARED_SELECTOR = YES;
				GCC_WARN_UNINITIALIZED_AUTOS = YES_AGGRESSIVE;
				GCC_WARN_UNUSED_FUNCTION = YES;
				GCC_WARN_UNUSED_VARIABLE = YES;
				IPHONEOS_DEPLOYMENT_TARGET = 18.2;
				LOCALIZATION_PREFERS_STRING_CATALOGS = YES;
				MTL_ENABLE_DEBUG_INFO = INCLUDE_SOURCE;
				MTL_FAST_MATH = YES;
				ONLY_ACTIVE_ARCH = YES;
				SDKROOT = iphoneos;
				SWIFT_ACTIVE_COMPILATION_CONDITIONS = "DEBUG $(inherited)";
				SWIFT_OPTIMIZATION_LEVEL = "-Onone";
			};
			name = Debug;
		};
		AEE6ED422DADB2FB00A9EBF5 /* Release */ = {
			isa = XCBuildConfiguration;
			buildSettings = {
				ALWAYS_SEARCH_USER_PATHS = NO;
				ASSETCATALOG_COMPILER_GENERATE_SWIFT_ASSET_SYMBOL_EXTENSIONS = YES;
				CLANG_ANALYZER_NONNULL = YES;
				CLANG_ANALYZER_NUMBER_OBJECT_CONVERSION = YES_AGGRESSIVE;
				CLANG_CXX_LANGUAGE_STANDARD = "gnu++20";
				CLANG_ENABLE_MODULES = YES;
				CLANG_ENABLE_OBJC_ARC = YES;
				CLANG_ENABLE_OBJC_WEAK = YES;
				CLANG_WARN_BLOCK_CAPTURE_AUTORELEASING = YES;
				CLANG_WARN_BOOL_CONVERSION = YES;
				CLANG_WARN_COMMA = YES;
				CLANG_WARN_CONSTANT_CONVERSION = YES;
				CLANG_WARN_DEPRECATED_OBJC_IMPLEMENTATIONS = YES;
				CLANG_WARN_DIRECT_OBJC_ISA_USAGE = YES_ERROR;
				CLANG_WARN_DOCUMENTATION_COMMENTS = YES;
				CLANG_WARN_EMPTY_BODY = YES;
				CLANG_WARN_ENUM_CONVERSION = YES;
				CLANG_WARN_INFINITE_RECURSION = YES;
				CLANG_WARN_INT_CONVERSION = YES;
				CLANG_WARN_NON_LITERAL_NULL_CONVERSION = YES;
				CLANG_WARN_OBJC_IMPLICIT_RETAIN_SELF = YES;
				CLANG_WARN_OBJC_LITERAL_CONVERSION = YES;
				CLANG_WARN_OBJC_ROOT_CLASS = YES_ERROR;
				CLANG_WARN_QUOTED_INCLUDE_IN_FRAMEWORK_HEADER = YES;
				CLANG_WARN_RANGE_LOOP_ANALYSIS = YES;
				CLANG_WARN_STRICT_PROTOTYPES = YES;
				CLANG_WARN_SUSPICIOUS_MOVE = YES;
				CLANG_WARN_UNGUARDED_AVAILABILITY = YES_AGGRESSIVE;
				CLANG_WARN_UNREACHABLE_CODE = YES;
				CLANG_WARN__DUPLICATE_METHOD_MATCH = YES;
				COPY_PHASE_STRIP = NO;
				DEBUG_INFORMATION_FORMAT = "dwarf-with-dsym";
				ENABLE_NS_ASSERTIONS = NO;
				ENABLE_STRICT_OBJC_MSGSEND = YES;
				ENABLE_USER_SCRIPT_SANDBOXING = YES;
				GCC_C_LANGUAGE_STANDARD = gnu17;
				GCC_NO_COMMON_BLOCKS = YES;
				GCC_WARN_64_TO_32_BIT_CONVERSION = YES;
				GCC_WARN_ABOUT_RETURN_TYPE = YES_ERROR;
				GCC_WARN_UNDECLARED_SELECTOR = YES;
				GCC_WARN_UNINITIALIZED_AUTOS = YES_AGGRESSIVE;
				GCC_WARN_UNUSED_FUNCTION = YES;
				GCC_WARN_UNUSED_VARIABLE = YES;
				IPHONEOS_DEPLOYMENT_TARGET = 18.2;
				LOCALIZATION_PREFERS_STRING_CATALOGS = YES;
				MTL_ENABLE_DEBUG_INFO = NO;
				MTL_FAST_MATH = YES;
				SDKROOT = iphoneos;
				SWIFT_COMPILATION_MODE = wholemodule;
				VALIDATE_PRODUCT = YES;
			};
			name = Release;
		};
		AEE6ED442DADB2FB00A9EBF5 /* Debug */ = {
			isa = XCBuildConfiguration;
			buildSettings = {
				ASSETCATALOG_COMPILER_APPICON_NAME = AppIcon;
				ASSETCATALOG_COMPILER_GLOBAL_ACCENT_COLOR_NAME = AccentColor;
				CODE_SIGN_STYLE = Automatic;
				CURRENT_PROJECT_VERSION = 1;
				DEVELOPMENT_ASSET_PATHS = "\"TheyMissYou/Preview Content\"";
				ENABLE_PREVIEWS = YES;
				GENERATE_INFOPLIST_FILE = YES;
				INFOPLIST_KEY_UIApplicationSceneManifest_Generation = YES;
				INFOPLIST_KEY_UIApplicationSupportsIndirectInputEvents = YES;
				INFOPLIST_KEY_UILaunchScreen_Generation = YES;
				INFOPLIST_KEY_UISupportedInterfaceOrientations_iPad = "UIInterfaceOrientationPortrait UIInterfaceOrientationPortraitUpsideDown UIInterfaceOrientationLandscapeLeft UIInterfaceOrientationLandscapeRight";
				INFOPLIST_KEY_UISupportedInterfaceOrientations_iPhone = "UIInterfaceOrientationPortrait UIInterfaceOrientationLandscapeLeft UIInterfaceOrientationLandscapeRight";
				LD_RUNPATH_SEARCH_PATHS = (
					"$(inherited)",
					"@executable_path/Frameworks",
				);
				MARKETING_VERSION = 1.0;
				PRODUCT_BUNDLE_IDENTIFIER = "Matyas-Gault.TheyMissYou";
				PRODUCT_NAME = "$(TARGET_NAME)";
				SWIFT_EMIT_LOC_STRINGS = YES;
				SWIFT_VERSION = 5.0;
				TARGETED_DEVICE_FAMILY = "1,2";
			};
			name = Debug;
		};
		AEE6ED452DADB2FB00A9EBF5 /* Release */ = {
			isa = XCBuildConfiguration;
			buildSettings = {
				ASSETCATALOG_COMPILER_APPICON_NAME = AppIcon;
				ASSETCATALOG_COMPILER_GLOBAL_ACCENT_COLOR_NAME = AccentColor;
				CODE_SIGN_STYLE = Automatic;
				CURRENT_PROJECT_VERSION = 1;
				DEVELOPMENT_ASSET_PATHS = "\"TheyMissYou/Preview Content\"";
				ENABLE_PREVIEWS = YES;
				GENERATE_INFOPLIST_FILE = YES;
				INFOPLIST_KEY_UIApplicationSceneManifest_Generation = YES;
				INFOPLIST_KEY_UIApplicationSupportsIndirectInputEvents = YES;
				INFOPLIST_KEY_UILaunchScreen_Generation = YES;
				INFOPLIST_KEY_UISupportedInterfaceOrientations_iPad = "UIInterfaceOrientationPortrait UIInterfaceOrientationPortraitUpsideDown UIInterfaceOrientationLandscapeLeft UIInterfaceOrientationLandscapeRight";
				INFOPLIST_KEY_UISupportedInterfaceOrientations_iPhone = "UIInterfaceOrientationPortrait UIInterfaceOrientationLandscapeLeft UIInterfaceOrientationLandscapeRight";
				LD_RUNPATH_SEARCH_PATHS = (
					"$(inherited)",
					"@executable_path/Frameworks",
				);
				MARKETING_VERSION = 1.0;
				PRODUCT_BUNDLE_IDENTIFIER = "Matyas-Gault.TheyMissYou";
				PRODUCT_NAME = "$(TARGET_NAME)";
				SWIFT_EMIT_LOC_STRINGS = YES;
				SWIFT_VERSION = 5.0;
				TARGETED_DEVICE_FAMILY = "1,2";
			};
			name = Release;
		};
		AEE6ED472DADB2FB00A9EBF5 /* Debug */ = {
			isa = XCBuildConfiguration;
			buildSettings = {
				BUNDLE_LOADER = "$(TEST_HOST)";
				CODE_SIGN_STYLE = Automatic;
				CURRENT_PROJECT_VERSION = 1;
				GENERATE_INFOPLIST_FILE = YES;
				IPHONEOS_DEPLOYMENT_TARGET = 18.2;
				MARKETING_VERSION = 1.0;
				PRODUCT_BUNDLE_IDENTIFIER = "Matyas-Gault.TheyMissYouTests";
				PRODUCT_NAME = "$(TARGET_NAME)";
				SWIFT_EMIT_LOC_STRINGS = NO;
				SWIFT_VERSION = 5.0;
				TARGETED_DEVICE_FAMILY = "1,2";
				TEST_HOST = "$(BUILT_PRODUCTS_DIR)/TheyMissYou.app/$(BUNDLE_EXECUTABLE_FOLDER_PATH)/TheyMissYou";
			};
			name = Debug;
		};
		AEE6ED482DADB2FB00A9EBF5 /* Release */ = {
			isa = XCBuildConfiguration;
			buildSettings = {
				BUNDLE_LOADER = "$(TEST_HOST)";
				CODE_SIGN_STYLE = Automatic;
				CURRENT_PROJECT_VERSION = 1;
				GENERATE_INFOPLIST_FILE = YES;
				IPHONEOS_DEPLOYMENT_TARGET = 18.2;
				MARKETING_VERSION = 1.0;
				PRODUCT_BUNDLE_IDENTIFIER = "Matyas-Gault.TheyMissYouTests";
				PRODUCT_NAME = "$(TARGET_NAME)";
				SWIFT_EMIT_LOC_STRINGS = NO;
				SWIFT_VERSION = 5.0;
				TARGETED_DEVICE_FAMILY = "1,2";
				TEST_HOST = "$(BUILT_PRODUCTS_DIR)/TheyMissYou.app/$(BUNDLE_EXECUTABLE_FOLDER_PATH)/TheyMissYou";
			};
			name = Release;
		};
		AEE6ED4A2DADB2FB00A9EBF5 /* Debug */ = {
			isa = XCBuildConfiguration;
			buildSettings = {
				CODE_SIGN_STYLE = Automatic;
				CURRENT_PROJECT_VERSION = 1;
				GENERATE_INFOPLIST_FILE = YES;
				MARKETING_VERSION = 1.0;
				PRODUCT_BUNDLE_IDENTIFIER = "Matyas-Gault.TheyMissYouUITests";
				PRODUCT_NAME = "$(TARGET_NAME)";
				SWIFT_EMIT_LOC_STRINGS = NO;
				SWIFT_VERSION = 5.0;
				TARGETED_DEVICE_FAMILY = "1,2";
				TEST_TARGET_NAME = TheyMissYou;
			};
			name = Debug;
		};
		AEE6ED4B2DADB2FB00A9EBF5 /* Release */ = {
			isa = XCBuildConfiguration;
			buildSettings = {
				CODE_SIGN_STYLE = Automatic;
				CURRENT_PROJECT_VERSION = 1;
				GENERATE_INFOPLIST_FILE = YES;
				MARKETING_VERSION = 1.0;
				PRODUCT_BUNDLE_IDENTIFIER = "Matyas-Gault.TheyMissYouUITests";
				PRODUCT_NAME = "$(TARGET_NAME)";
				SWIFT_EMIT_LOC_STRINGS = NO;
				SWIFT_VERSION = 5.0;
				TARGETED_DEVICE_FAMILY = "1,2";
				TEST_TARGET_NAME = TheyMissYou;
			};
			name = Release;
		};
/* End XCBuildConfiguration section */

/* Begin XCConfigurationList section */
		AEE6ED1A2DADB2F900A9EBF5 /* Build configuration list for PBXProject "TheyMissYou" */ = {
			isa = XCConfigurationList;
			buildConfigurations = (
				AEE6ED412DADB2FB00A9EBF5 /* Debug */,
				AEE6ED422DADB2FB00A9EBF5 /* Release */,
			);
			defaultConfigurationIsVisible = 0;
			defaultConfigurationName = Release;
		};
		AEE6ED432DADB2FB00A9EBF5 /* Build configuration list for PBXNativeTarget "TheyMissYou" */ = {
			isa = XCConfigurationList;
			buildConfigurations = (
				AEE6ED442DADB2FB00A9EBF5 /* Debug */,
				AEE6ED452DADB2FB00A9EBF5 /* Release */,
			);
			defaultConfigurationIsVisible = 0;
			defaultConfigurationName = Release;
		};
		AEE6ED462DADB2FB00A9EBF5 /* Build configuration list for PBXNativeTarget "TheyMissYouTests" */ = {
			isa = XCConfigurationList;
			buildConfigurations = (
				AEE6ED472DADB2FB00A9EBF5 /* Debug */,
				AEE6ED482DADB2FB00A9EBF5 /* Release */,
			);
			defaultConfigurationIsVisible = 0;
			defaultConfigurationName = Release;
		};
		AEE6ED492DADB2FB00A9EBF5 /* Build configuration list for PBXNativeTarget "TheyMissYouUITests" */ = {
			isa = XCConfigurationList;
			buildConfigurations = (
				AEE6ED4A2DADB2FB00A9EBF5 /* Debug */,
				AEE6ED4B2DADB2FB00A9EBF5 /* Release */,
			);
			defaultConfigurationIsVisible = 0;
			defaultConfigurationName = Release;
		};
/* End XCConfigurationList section */
	};
	rootObject = AEE6ED172DADB2F900A9EBF5 /* Project object */;
}
